
Microsoft Visual Studio Solution File, Format Version 12.00
# Visual Studio Version 17
VisualStudioVersion = 17.4.33103.184
MinimumVisualStudioVersion = 10.0.40219.1
Project("{9A19103F-16F7-4668-BE54-9A1E7A4F7556}") = "PTI.Microservices.Library.RakutenAdvertising", "PTI.Microservices.Library.RakutenAdvertising.csproj", "{464E4441-92BD-469F-85C4-391E0A11D99C}"
EndProject
Global
	GlobalSection(SolutionConfigurationPlatforms) = preSolution
		Debug|Any CPU = Debug|Any CPU
		Release|Any CPU = Release|Any CPU
	EndGlobalSection
	GlobalSection(ProjectConfigurationPlatforms) = postSolution
		{464E4441-92BD-469F-85C4-391E0A11D99C}.Debug|Any CPU.ActiveCfg = Debug|Any CPU
		{464E4441-92BD-469F-85C4-391E0A11D99C}.Debug|Any CPU.Build.0 = Debug|Any CPU
		{464E4441-92BD-469F-85C4-391E0A11D99C}.Release|Any CPU.ActiveCfg = Release|Any CPU
		{464E4441-92BD-469F-85C4-391E0A11D99C}.Release|Any CPU.Build.0 = Release|Any CPU
	EndGlobalSection
	GlobalSection(SolutionProperties) = preSolution
		HideSolutionNode = FALSE
	EndGlobalSection
	GlobalSection(ExtensibilityGlobals) = postSolution
		SolutionGuid = {3EC3BFFD-5DAF-4D71-8EC3-49FB0B6D0202}
	EndGlobalSection
EndGlobal
